
Microsoft Visual Studio Solution File, Format Version 12.00
# Visual Studio Version 16
VisualStudioVersion = 16.0.28803.202
MinimumVisualStudioVersion = 10.0.40219.1
Project("{FAE04EC0-301F-11D3-BF4B-00C04F79EFBC}") = "WebApplication3", "WebApplication3\WebApplication3.csproj", "{092215AF-C731-4EE2-B67D-570BAA92AD2A}"
EndProject
Global
	GlobalSection(SolutionConfigurationPlatforms) = preSolution
		Debug|Any CPU = Debug|Any CPU
		Release|Any CPU = Release|Any CPU
	EndGlobalSection
	GlobalSection(ProjectConfigurationPlatforms) = postSolution
		{092215AF-C731-4EE2-B67D-570BAA92AD2A}.Debug|Any CPU.ActiveCfg = Debug|Any CPU
		{092215AF-C731-4EE2-B67D-570BAA92AD2A}.Debug|Any CPU.Build.0 = Debug|Any CPU
		{092215AF-C731-4EE2-B67D-570BAA92AD2A}.Release|Any CPU.ActiveCfg = Release|Any CPU
		{092215AF-C731-4EE2-B67D-570BAA92AD2A}.Release|Any CPU.Build.0 = Release|Any CPU
	EndGlobalSection
	GlobalSection(SolutionProperties) = preSolution
		HideSolutionNode = FALSE
	EndGlobalSection
	GlobalSection(ExtensibilityGlobals) = postSolution
		SolutionGuid = {C820EC7A-C522-41DC-A3F3-48FE6181854B}
	EndGlobalSection
EndGlobal
